<?xml version="1.0" encoding="utf-8"?>
<Project ToolsVersion="4.0" xmlns="http://schemas.microsoft.com/developer/msbuild/2003">
  <ItemGroup>
    <Filter Include="Source Files">
      <UniqueIdentifier>{4FC737F1-C7A5-4376-A066-2A32D752A2FF}</UniqueIdentifier>
      <Extensions>cpp;c;cc;cxx;c++;cppm;ixx;def;odl;idl;hpj;bat;asm;asmx</Extensions>
    </Filter>
    <Filter Include="Source Files\RenderInterface">
      <UniqueIdentifier>{5c8c02b0-64ed-4bbf-8811-80f1956be92f}</UniqueIdentifier>
    </Filter>
    <Filter Include="Source Files\SharedMemory">
      <UniqueIdentifier>{a0396837-c3fd-4fd9-be1d-f60fa20a9a45}</UniqueIdentifier>
    </Filter>
    <Filter Include="Source Files\SharedMemory\Events">
      <UniqueIdentifier>{f1daded4-e871-4398-9ccc-de1b836ec174}</UniqueIdentifier>
    </Filter>
    <Filter Include="Source Files\Utils">
      <UniqueIdentifier>{509cb295-f8f1-4f5d-b096-29ce231984e7}</UniqueIdentifier>
    </Filter>
    <Filter Include="Source Files\AoResources">
      <UniqueIdentifier>{53a29c4b-b641-4406-8755-33dbcb2d7007}</UniqueIdentifier>
    </Filter>
  </ItemGroup>
  <ItemGroup>
    <ClCompile Include="Main.cpp">
      <Filter>Source Files</Filter>
    </ClCompile>
    <ClCompile Include="Renderer.cpp">
      <Filter>Source Files\RenderInterface</Filter>
    </ClCompile>
    <ClCompile Include="..\SharedMemory\SharedMemory.cpp">
      <Filter>Source Files\SharedMemory</Filter>
    </ClCompile>
    <ClCompile Include="..\SharedMemory\SyncData.cpp">
      <Filter>Source Files\SharedMemory</Filter>
    </ClCompile>
    <ClCompile Include="Application.cpp">
      <Filter>Source Files</Filter>
    </ClCompile>
    <ClCompile Include="..\SharedMemory\EventBuffer.cpp">
      <Filter>Source Files\SharedMemory</Filter>
    </ClCompile>
    <ClCompile Include="..\SharedMemory\Events\EventHandler.cpp">
      <Filter>Source Files\SharedMemory\Events</Filter>
    </ClCompile>
    <ClCompile Include="..\Core\Logger.cpp">
      <Filter>Source Files</Filter>
    </ClCompile>
    <ClCompile Include="Utils\FileUtils.cpp">
      <Filter>Source Files\Utils</Filter>
    </ClCompile>
    <ClCompile Include="Utils\Encoding.cpp">
      <Filter>Source Files\Utils</Filter>
    </ClCompile>
    <ClCompile Include="FileSystem.cpp">
      <Filter>Source Files\RenderInterface</Filter>
    </ClCompile>
    <ClCompile Include="AoResources\Resources.cpp">
      <Filter>Source Files\AoResources</Filter>
    </ClCompile>
    <ClCompile Include="AoResources\Compresor.cpp">
      <Filter>Source Files\AoResources</Filter>
    </ClCompile>
    <ClCompile Include="Utils\md5.cpp">
      <Filter>Source Files\Utils</Filter>
    </ClCompile>
    <ClCompile Include="Utils\StringUtils.cpp">
      <Filter>Source Files\Utils</Filter>
    </ClCompile>
    <ClCompile Include="JSBridge.cpp">
      <Filter>Source Files</Filter>
    </ClCompile>
  </ItemGroup>
  <ItemGroup>
    <ClInclude Include="Renderer.h">
      <Filter>Source Files\RenderInterface</Filter>
    </ClInclude>
    <ClInclude Include="..\SharedMemory\SharedMemory.h">
      <Filter>Source Files\SharedMemory</Filter>
    </ClInclude>
    <ClInclude Include="..\SharedMemory\SyncData.h">
      <Filter>Source Files\SharedMemory</Filter>
    </ClInclude>
    <ClInclude Include="Application.hpp">
      <Filter>Source Files</Filter>
    </ClInclude>
    <ClInclude Include="..\SharedMemory\EventBuffer.hpp">
      <Filter>Source Files\SharedMemory</Filter>
    </ClInclude>
    <ClInclude Include="..\SharedMemory\Events\EventHandler.hpp">
      <Filter>Source Files\SharedMemory\Events</Filter>
    </ClInclude>
    <ClInclude Include="..\Core\Logger.hpp">
      <Filter>Source Files</Filter>
    </ClInclude>
    <ClInclude Include="Utils\FileUtils.h">
      <Filter>Source Files\Utils</Filter>
    </ClInclude>
    <ClInclude Include="Utils\IniReader.h">
      <Filter>Source Files\Utils</Filter>
    </ClInclude>
    <ClInclude Include="Utils\Encoding.h">
      <Filter>Source Files\Utils</Filter>
    </ClInclude>
    <ClInclude Include="FileSystem.h">
      <Filter>Source Files\RenderInterface</Filter>
    </ClInclude>
    <ClInclude Include="AoResources\Resources.hpp">
      <Filter>Source Files\AoResources</Filter>
    </ClInclude>
    <ClInclude Include="AoResources\Compresor.hpp">
      <Filter>Source Files\AoResources</Filter>
    </ClInclude>
    <ClInclude Include="Utils\md5.h">
      <Filter>Source Files\Utils</Filter>
    </ClInclude>
    <ClInclude Include="Utils\StringUtils.hpp">
      <Filter>Source Files\Utils</Filter>
    </ClInclude>
    <ClInclude Include="JSBridge.hpp">
      <Filter>Source Files</Filter>
    </ClInclude>
  </ItemGroup>
</Project>